
Microsoft Visual Studio Solution File, Format Version 12.00
# Visual Studio Version 16
VisualStudioVersion = 16.0.29728.190
MinimumVisualStudioVersion = 10.0.40219.1
Project("{FAE04EC0-301F-11D3-BF4B-00C04F79EFBC}") = "AltudoApplication.WebApp", "AltudoApplication\AltudoApplication.WebApp.csproj", "{52F33B06-9B5C-4036-8A92-A9D4FE9E0773}"
EndProject
Project("{FAE04EC0-301F-11D3-BF4B-00C04F79EFBC}") = "AltudoApplication.Business", "AltudoApplication.Bussiness\AltudoApplication.Business.csproj", "{B63D810B-B336-490D-9FB8-550EB0D761A6}"
EndProject
Global
	GlobalSection(SolutionConfigurationPlatforms) = preSolution
		Debug|Any CPU = Debug|Any CPU
		Release|Any CPU = Release|Any CPU
	EndGlobalSection
	GlobalSection(ProjectConfigurationPlatforms) = postSolution
		{52F33B06-9B5C-4036-8A92-A9D4FE9E0773}.Debug|Any CPU.ActiveCfg = Debug|Any CPU
		{52F33B06-9B5C-4036-8A92-A9D4FE9E0773}.Debug|Any CPU.Build.0 = Debug|Any CPU
		{52F33B06-9B5C-4036-8A92-A9D4FE9E0773}.Release|Any CPU.ActiveCfg = Release|Any CPU
		{52F33B06-9B5C-4036-8A92-A9D4FE9E0773}.Release|Any CPU.Build.0 = Release|Any CPU
		{B63D810B-B336-490D-9FB8-550EB0D761A6}.Debug|Any CPU.ActiveCfg = Debug|Any CPU
		{B63D810B-B336-490D-9FB8-550EB0D761A6}.Debug|Any CPU.Build.0 = Debug|Any CPU
		{B63D810B-B336-490D-9FB8-550EB0D761A6}.Release|Any CPU.ActiveCfg = Release|Any CPU
		{B63D810B-B336-490D-9FB8-550EB0D761A6}.Release|Any CPU.Build.0 = Release|Any CPU
	EndGlobalSection
	GlobalSection(SolutionProperties) = preSolution
		HideSolutionNode = FALSE
	EndGlobalSection
	GlobalSection(ExtensibilityGlobals) = postSolution
		SolutionGuid = {A7C0C79B-8119-429F-8931-DBD7CE275556}
	EndGlobalSection
EndGlobal
